
Microsoft Visual Studio Solution File, Format Version 12.00
# Visual Studio 15
VisualStudioVersion = 15.0.27703.2018
MinimumVisualStudioVersion = 10.0.40219.1
Project("{FAE04EC0-301F-11D3-BF4B-00C04F79EFBC}") = "WindowsFormsApp1", "WindowsFormsApp1\WindowsFormsApp1.csproj", "{90E0454E-C6DB-4A68-9D6F-F15135B6F387}"
EndProject
Global
	GlobalSection(SolutionConfigurationPlatforms) = preSolution
		Debug|Any CPU = Debug|Any CPU
		Release|Any CPU = Release|Any CPU
	EndGlobalSection
	GlobalSection(ProjectConfigurationPlatforms) = postSolution
		{90E0454E-C6DB-4A68-9D6F-F15135B6F387}.Debug|Any CPU.ActiveCfg = Debug|Any CPU
		{90E0454E-C6DB-4A68-9D6F-F15135B6F387}.Debug|Any CPU.Build.0 = Debug|Any CPU
		{90E0454E-C6DB-4A68-9D6F-F15135B6F387}.Release|Any CPU.ActiveCfg = Release|Any CPU
		{90E0454E-C6DB-4A68-9D6F-F15135B6F387}.Release|Any CPU.Build.0 = Release|Any CPU
	EndGlobalSection
	GlobalSection(SolutionProperties) = preSolution
		HideSolutionNode = FALSE
	EndGlobalSection
	GlobalSection(ExtensibilityGlobals) = postSolution
		SolutionGuid = {FC1CDC59-DCBF-45EA-BC1D-C57F50D68A54}
	EndGlobalSection
EndGlobal
